
Microsoft Visual Studio Solution File, Format Version 12.00
Project("{FAE04EC0-301F-11D3-BF4B-00C04F79EFBC}") = "ParameterBinding.Api", "ParameterBinding.Api\ParameterBinding.Api.csproj", "{19797295-2209-44C1-9F65-03327D6D3164}"
EndProject
Global
	GlobalSection(SolutionConfigurationPlatforms) = preSolution
		Debug|Any CPU = Debug|Any CPU
		Release|Any CPU = Release|Any CPU
	EndGlobalSection
	GlobalSection(ProjectConfigurationPlatforms) = postSolution
		{19797295-2209-44C1-9F65-03327D6D3164}.Debug|Any CPU.ActiveCfg = Debug|Any CPU
		{19797295-2209-44C1-9F65-03327D6D3164}.Debug|Any CPU.Build.0 = Debug|Any CPU
		{19797295-2209-44C1-9F65-03327D6D3164}.Release|Any CPU.ActiveCfg = Release|Any CPU
		{19797295-2209-44C1-9F65-03327D6D3164}.Release|Any CPU.Build.0 = Release|Any CPU
	EndGlobalSection
EndGlobal
